// !$*UTF8*$!
{
	archiveVersion = 1;
	classes = {
	};
	objectVersion = 46;
	objects = {

/* Begin PBXBuildFile section */
		D91CEBA016B5C96200D5EF32 /* TodoViewCell.m in Sources */ = {isa = PBXBuildFile; fileRef = D91CEB9F16B5C96200D5EF32 /* TodoViewCell.m */; };
		D94288D816BAF76A0093A84F /* Localizable.strings in Resources */ = {isa = PBXBuildFile; fileRef = D94288DA16BAF76A0093A84F /* Localizable.strings */; };
		D9515DF716B5A5CB00821DBF /* UIKit.framework in Frameworks */ = {isa = PBXBuildFile; fileRef = D9515DF616B5A5CB00821DBF /* UIKit.framework */; };
		D9515DF916B5A5CB00821DBF /* Foundation.framework in Frameworks */ = {isa = PBXBuildFile; fileRef = D9515DF816B5A5CB00821DBF /* Foundation.framework */; };
		D9515DFB16B5A5CB00821DBF /* CoreGraphics.framework in Frameworks */ = {isa = PBXBuildFile; fileRef = D9515DFA16B5A5CB00821DBF /* CoreGraphics.framework */; };
		D9515E0116B5A5CB00821DBF /* InfoPlist.strings in Resources */ = {isa = PBXBuildFile; fileRef = D9515DFF16B5A5CB00821DBF /* InfoPlist.strings */; };
		D9515E0316B5A5CB00821DBF /* main.m in Sources */ = {isa = PBXBuildFile; fileRef = D9515E0216B5A5CB00821DBF /* main.m */; };
		D9515E0716B5A5CB00821DBF /* AppDelegate.m in Sources */ = {isa = PBXBuildFile; fileRef = D9515E0616B5A5CB00821DBF /* AppDelegate.m */; };
		D9515E0916B5A5CB00821DBF /* Default.png in Resources */ = {isa = PBXBuildFile; fileRef = D9515E0816B5A5CB00821DBF /* Default.png */; };
		D9515E0B16B5A5CB00821DBF /* Default@2x.png in Resources */ = {isa = PBXBuildFile; fileRef = D9515E0A16B5A5CB00821DBF /* Default@2x.png */; };
		D9515E0D16B5A5CB00821DBF /* Default-568h@2x.png in Resources */ = {isa = PBXBuildFile; fileRef = D9515E0C16B5A5CB00821DBF /* Default-568h@2x.png */; };
		D9515E1016B5A5CB00821DBF /* TodoShowViewController.m in Sources */ = {isa = PBXBuildFile; fileRef = D9515E0F16B5A5CB00821DBF /* TodoShowViewController.m */; };
		D9B56E5B16BD64B8009E26AC /* CoreData.framework in Frameworks */ = {isa = PBXBuildFile; fileRef = D9B56E5A16BD64B8009E26AC /* CoreData.framework */; };
		D9B56E6916BD69D0009E26AC /* Todo.xcdatamodeld in Sources */ = {isa = PBXBuildFile; fileRef = D9B56E6716BD69D0009E26AC /* Todo.xcdatamodeld */; };
		D9B56E7016BD9709009E26AC /* Todo.m in Sources */ = {isa = PBXBuildFile; fileRef = D9B56E6F16BD9709009E26AC /* Todo.m */; };
		D9C7096D16C05DC0006CF9EA /* TodoTextField.m in Sources */ = {isa = PBXBuildFile; fileRef = D9C7096C16C05DC0006CF9EA /* TodoTextField.m */; };
		D9D50D4216BDCBE60079727A /* TodoAddViewController.m in Sources */ = {isa = PBXBuildFile; fileRef = D9D50D4116BDCBE60079727A /* TodoAddViewController.m */; };
		D9D50D4916BDDA3F0079727A /* TodoTextFieldViewCell.m in Sources */ = {isa = PBXBuildFile; fileRef = D9D50D4816BDDA3E0079727A /* TodoTextFieldViewCell.m */; };
/* End PBXBuildFile section */

/* Begin PBXFileReference section */
		D91CEB9E16B5C96200D5EF32 /* TodoViewCell.h */ = {isa = PBXFileReference; fileEncoding = 4; lastKnownFileType = sourcecode.c.h; path = TodoViewCell.h; sourceTree = "<group>"; };
		D91CEB9F16B5C96200D5EF32 /* TodoViewCell.m */ = {isa = PBXFileReference; fileEncoding = 4; lastKnownFileType = sourcecode.c.objc; path = TodoViewCell.m; sourceTree = "<group>"; };
		D94288D916BAF76A0093A84F /* en */ = {isa = PBXFileReference; lastKnownFileType = text.plist.strings; name = en; path = en.lproj/Localizable.strings; sourceTree = "<group>"; };
		D94288DC16BAF7800093A84F /* fr */ = {isa = PBXFileReference; lastKnownFileType = text.plist.strings; name = fr; path = fr.lproj/Localizable.strings; sourceTree = "<group>"; };
		D9515DF216B5A5CB00821DBF /* Todo.app */ = {isa = PBXFileReference; explicitFileType = wrapper.application; includeInIndex = 0; path = Todo.app; sourceTree = BUILT_PRODUCTS_DIR; };
		D9515DF616B5A5CB00821DBF /* UIKit.framework */ = {isa = PBXFileReference; lastKnownFileType = wrapper.framework; name = UIKit.framework; path = System/Library/Frameworks/UIKit.framework; sourceTree = SDKROOT; };
		D9515DF816B5A5CB00821DBF /* Foundation.framework */ = {isa = PBXFileReference; lastKnownFileType = wrapper.framework; name = Foundation.framework; path = System/Library/Frameworks/Foundation.framework; sourceTree = SDKROOT; };
		D9515DFA16B5A5CB00821DBF /* CoreGraphics.framework */ = {isa = PBXFileReference; lastKnownFileType = wrapper.framework; name = CoreGraphics.framework; path = System/Library/Frameworks/CoreGraphics.framework; sourceTree = SDKROOT; };
		D9515DFE16B5A5CB00821DBF /* Todo-Info.plist */ = {isa = PBXFileReference; lastKnownFileType = text.plist.xml; path = "Todo-Info.plist"; sourceTree = "<group>"; };
		D9515E0016B5A5CB00821DBF /* en */ = {isa = PBXFileReference; lastKnownFileType = text.plist.strings; name = en; path = en.lproj/InfoPlist.strings; sourceTree = "<group>"; };
		D9515E0216B5A5CB00821DBF /* main.m */ = {isa = PBXFileReference; lastKnownFileType = sourcecode.c.objc; path = main.m; sourceTree = "<group>"; };
		D9515E0416B5A5CB00821DBF /* Todo-Prefix.pch */ = {isa = PBXFileReference; lastKnownFileType = sourcecode.c.h; path = "Todo-Prefix.pch"; sourceTree = "<group>"; };
		D9515E0516B5A5CB00821DBF /* AppDelegate.h */ = {isa = PBXFileReference; lastKnownFileType = sourcecode.c.h; path = AppDelegate.h; sourceTree = "<group>"; };
		D9515E0616B5A5CB00821DBF /* AppDelegate.m */ = {isa = PBXFileReference; lastKnownFileType = sourcecode.c.objc; path = AppDelegate.m; sourceTree = "<group>"; };
		D9515E0816B5A5CB00821DBF /* Default.png */ = {isa = PBXFileReference; lastKnownFileType = image.png; path = Default.png; sourceTree = "<group>"; };
		D9515E0A16B5A5CB00821DBF /* Default@2x.png */ = {isa = PBXFileReference; lastKnownFileType = image.png; path = "Default@2x.png"; sourceTree = "<group>"; };
		D9515E0C16B5A5CB00821DBF /* Default-568h@2x.png */ = {isa = PBXFileReference; lastKnownFileType = image.png; path = "Default-568h@2x.png"; sourceTree = "<group>"; };
		D9515E0E16B5A5CB00821DBF /* TodoShowViewController.h */ = {isa = PBXFileReference; lastKnownFileType = sourcecode.c.h; path = TodoShowViewController.h; sourceTree = "<group>"; };
		D9515E0F16B5A5CB00821DBF /* TodoShowViewController.m */ = {isa = PBXFileReference; lastKnownFileType = sourcecode.c.objc; path = TodoShowViewController.m; sourceTree = "<group>"; };
		D9B56E5A16BD64B8009E26AC /* CoreData.framework */ = {isa = PBXFileReference; lastKnownFileType = wrapper.framework; name = CoreData.framework; path = System/Library/Frameworks/CoreData.framework; sourceTree = SDKROOT; };
		D9B56E6816BD69D0009E26AC /* Todo.xcdatamodel */ = {isa = PBXFileReference; lastKnownFileType = wrapper.xcdatamodel; path = Todo.xcdatamodel; sourceTree = "<group>"; };
		D9B56E6E16BD9709009E26AC /* Todo.h */ = {isa = PBXFileReference; fileEncoding = 4; lastKnownFileType = sourcecode.c.h; path = Todo.h; sourceTree = "<group>"; };
		D9B56E6F16BD9709009E26AC /* Todo.m */ = {isa = PBXFileReference; fileEncoding = 4; lastKnownFileType = sourcecode.c.objc; path = Todo.m; sourceTree = "<group>"; };
		D9C7096516C05036006CF9EA /* TodoAddViewController.h */ = {isa = PBXFileReference; lastKnownFileType = file; path = TodoAddViewController.h; sourceTree = "<group>"; };
		D9C7096B16C05DC0006CF9EA /* TodoTextField.h */ = {isa = PBXFileReference; fileEncoding = 4; lastKnownFileType = sourcecode.c.h; path = TodoTextField.h; sourceTree = SOURCE_ROOT; };
		D9C7096C16C05DC0006CF9EA /* TodoTextField.m */ = {isa = PBXFileReference; fileEncoding = 4; lastKnownFileType = sourcecode.c.objc; path = TodoTextField.m; sourceTree = SOURCE_ROOT; };
		D9D50D4116BDCBE60079727A /* TodoAddViewController.m */ = {isa = PBXFileReference; fileEncoding = 4; lastKnownFileType = sourcecode.c.objc; name = TodoAddViewController.m; path = Todo/TodoAddViewController.m; sourceTree = SOURCE_ROOT; };
		D9D50D4716BDDA3E0079727A /* TodoTextFieldViewCell.h */ = {isa = PBXFileReference; fileEncoding = 4; lastKnownFileType = sourcecode.c.h; path = TodoTextFieldViewCell.h; sourceTree = "<group>"; };
		D9D50D4816BDDA3E0079727A /* TodoTextFieldViewCell.m */ = {isa = PBXFileReference; fileEncoding = 4; lastKnownFileType = sourcecode.c.objc; path = TodoTextFieldViewCell.m; sourceTree = "<group>"; };
/* End PBXFileReference section */

/* Begin PBXFrameworksBuildPhase section */
		D9515DEF16B5A5CB00821DBF /* Frameworks */ = {
			isa = PBXFrameworksBuildPhase;
			buildActionMask = 2147483647;
			files = (
				D9B56E5B16BD64B8009E26AC /* CoreData.framework in Frameworks */,
				D9515DF716B5A5CB00821DBF /* UIKit.framework in Frameworks */,
				D9515DF916B5A5CB00821DBF /* Foundation.framework in Frameworks */,
				D9515DFB16B5A5CB00821DBF /* CoreGraphics.framework in Frameworks */,
			);
			runOnlyForDeploymentPostprocessing = 0;
		};
/* End PBXFrameworksBuildPhase section */

/* Begin PBXGroup section */
		D9515DE716B5A5CB00821DBF = {
			isa = PBXGroup;
			children = (
				D9515DFC16B5A5CB00821DBF /* Todo */,
				D9515DF516B5A5CB00821DBF /* Frameworks */,
				D9515DF316B5A5CB00821DBF /* Products */,
			);
			sourceTree = "<group>";
		};
		D9515DF316B5A5CB00821DBF /* Products */ = {
			isa = PBXGroup;
			children = (
				D9515DF216B5A5CB00821DBF /* Todo.app */,
			);
			name = Products;
			sourceTree = "<group>";
		};
		D9515DF516B5A5CB00821DBF /* Frameworks */ = {
			isa = PBXGroup;
			children = (
				D9B56E5A16BD64B8009E26AC /* CoreData.framework */,
				D9515DF616B5A5CB00821DBF /* UIKit.framework */,
				D9515DF816B5A5CB00821DBF /* Foundation.framework */,
				D9515DFA16B5A5CB00821DBF /* CoreGraphics.framework */,
			);
			name = Frameworks;
			sourceTree = "<group>";
		};
		D9515DFC16B5A5CB00821DBF /* Todo */ = {
			isa = PBXGroup;
			children = (
				D9515E0516B5A5CB00821DBF /* AppDelegate.h */,
				D9515E0616B5A5CB00821DBF /* AppDelegate.m */,
				D9B56E6716BD69D0009E26AC /* Todo.xcdatamodeld */,
				D9515E1916B5A5DC00821DBF /* Models */,
				D9515E1A16B5A5E500821DBF /* Views */,
				D9515E1B16B5A5EB00821DBF /* Controllers */,
				D9515DFD16B5A5CB00821DBF /* Supporting Files */,
			);
			path = Todo;
			sourceTree = "<group>";
		};
		D9515DFD16B5A5CB00821DBF /* Supporting Files */ = {
			isa = PBXGroup;
			children = (
				D9515DFE16B5A5CB00821DBF /* Todo-Info.plist */,
				D9515DFF16B5A5CB00821DBF /* InfoPlist.strings */,
				D9515E0216B5A5CB00821DBF /* main.m */,
				D9515E0416B5A5CB00821DBF /* Todo-Prefix.pch */,
				D9515E0816B5A5CB00821DBF /* Default.png */,
				D9515E0A16B5A5CB00821DBF /* Default@2x.png */,
				D9515E0C16B5A5CB00821DBF /* Default-568h@2x.png */,
				D94288DA16BAF76A0093A84F /* Localizable.strings */,
			);
			name = "Supporting Files";
			sourceTree = "<group>";
		};
		D9515E1916B5A5DC00821DBF /* Models */ = {
			isa = PBXGroup;
			children = (
				D9C7096616C052E3006CF9EA /* Todo */,
			);
			name = Models;
			sourceTree = "<group>";
		};
		D9515E1A16B5A5E500821DBF /* Views */ = {
			isa = PBXGroup;
			children = (
				D91CEB9E16B5C96200D5EF32 /* TodoViewCell.h */,
				D91CEB9F16B5C96200D5EF32 /* TodoViewCell.m */,
				D9C7096A16C05C1F006CF9EA /* Form */,
			);
			name = Views;
			sourceTree = "<group>";
		};
		D9515E1B16B5A5EB00821DBF /* Controllers */ = {
			isa = PBXGroup;
			children = (
				D9515E0E16B5A5CB00821DBF /* TodoShowViewController.h */,
				D9515E0F16B5A5CB00821DBF /* TodoShowViewController.m */,
				D9C7096516C05036006CF9EA /* TodoAddViewController.h */,
				D9D50D4116BDCBE60079727A /* TodoAddViewController.m */,
			);
			name = Controllers;
			sourceTree = "<group>";
		};
		D9C7096616C052E3006CF9EA /* Todo */ = {
			isa = PBXGroup;
			children = (
				D9B56E6E16BD9709009E26AC /* Todo.h */,
				D9B56E6F16BD9709009E26AC /* Todo.m */,
			);
			name = Todo;
			sourceTree = "<group>";
		};
		D9C7096A16C05C1F006CF9EA /* Form */ = {
			isa = PBXGroup;
			children = (
				D9C7096B16C05DC0006CF9EA /* TodoTextField.h */,
				D9C7096C16C05DC0006CF9EA /* TodoTextField.m */,
				D9D50D4716BDDA3E0079727A /* TodoTextFieldViewCell.h */,
				D9D50D4816BDDA3E0079727A /* TodoTextFieldViewCell.m */,
			);
			name = Form;
			sourceTree = "<group>";
		};
/* End PBXGroup section */

/* Begin PBXNativeTarget section */
		D9515DF116B5A5CB00821DBF /* Todo */ = {
			isa = PBXNativeTarget;
			buildConfigurationList = D9515E1616B5A5CB00821DBF /* Build configuration list for PBXNativeTarget "Todo" */;
			buildPhases = (
				D9515DEE16B5A5CB00821DBF /* Sources */,
				D9515DEF16B5A5CB00821DBF /* Frameworks */,
				D9515DF016B5A5CB00821DBF /* Resources */,
			);
			buildRules = (
			);
			dependencies = (
			);
			name = Todo;
			productName = Todo;
			productReference = D9515DF216B5A5CB00821DBF /* Todo.app */;
			productType = "com.apple.product-type.application";
		};
/* End PBXNativeTarget section */

/* Begin PBXProject section */
		D9515DE916B5A5CB00821DBF /* Project object */ = {
			isa = PBXProject;
			attributes = {
				LastUpgradeCheck = 0450;
				ORGANIZATIONNAME = FuriouZz;
			};
			buildConfigurationList = D9515DEC16B5A5CB00821DBF /* Build configuration list for PBXProject "Todo" */;
			compatibilityVersion = "Xcode 3.2";
			developmentRegion = English;
			hasScannedForEncodings = 0;
			knownRegions = (
				en,
				fr,
			);
			mainGroup = D9515DE716B5A5CB00821DBF;
			productRefGroup = D9515DF316B5A5CB00821DBF /* Products */;
			projectDirPath = "";
			projectRoot = "";
			targets = (
				D9515DF116B5A5CB00821DBF /* Todo */,
			);
		};
/* End PBXProject section */

/* Begin PBXResourcesBuildPhase section */
		D9515DF016B5A5CB00821DBF /* Resources */ = {
			isa = PBXResourcesBuildPhase;
			buildActionMask = 2147483647;
			files = (
				D9515E0116B5A5CB00821DBF /* InfoPlist.strings in Resources */,
				D9515E0916B5A5CB00821DBF /* Default.png in Resources */,
				D9515E0B16B5A5CB00821DBF /* Default@2x.png in Resources */,
				D9515E0D16B5A5CB00821DBF /* Default-568h@2x.png in Resources */,
				D94288D816BAF76A0093A84F /* Localizable.strings in Resources */,
			);
			runOnlyForDeploymentPostprocessing = 0;
		};
/* End PBXResourcesBuildPhase section */

/* Begin PBXSourcesBuildPhase section */
		D9515DEE16B5A5CB00821DBF /* Sources */ = {
			isa = PBXSourcesBuildPhase;
			buildActionMask = 2147483647;
			files = (
				D9515E0316B5A5CB00821DBF /* main.m in Sources */,
				D9515E0716B5A5CB00821DBF /* AppDelegate.m in Sources */,
				D9515E1016B5A5CB00821DBF /* TodoShowViewController.m in Sources */,
				D91CEBA016B5C96200D5EF32 /* TodoViewCell.m in Sources */,
				D9B56E6916BD69D0009E26AC /* Todo.xcdatamodeld in Sources */,
				D9B56E7016BD9709009E26AC /* Todo.m in Sources */,
				D9D50D4216BDCBE60079727A /* TodoAddViewController.m in Sources */,
				D9D50D4916BDDA3F0079727A /* TodoTextFieldViewCell.m in Sources */,
				D9C7096D16C05DC0006CF9EA /* TodoTextField.m in Sources */,
			);
			runOnlyForDeploymentPostprocessing = 0;
		};
/* End PBXSourcesBuildPhase section */

/* Begin PBXVariantGroup section */
		D94288DA16BAF76A0093A84F /* Localizable.strings */ = {
			isa = PBXVariantGroup;
			children = (
				D94288D916BAF76A0093A84F /* en */,
				D94288DC16BAF7800093A84F /* fr */,
			);
			name = Localizable.strings;
			sourceTree = "<group>";
		};
		D9515DFF16B5A5CB00821DBF /* InfoPlist.strings */ = {
			isa = PBXVariantGroup;
			children = (
				D9515E0016B5A5CB00821DBF /* en */,
			);
			name = InfoPlist.strings;
			sourceTree = "<group>";
		};
/* End PBXVariantGroup section */

/* Begin XCBuildConfiguration section */
		D9515E1416B5A5CB00821DBF /* Debug */ = {
			isa = XCBuildConfiguration;
			buildSettings = {
				ALWAYS_SEARCH_USER_PATHS = NO;
				CLANG_CXX_LANGUAGE_STANDARD = "gnu++0x";
				CLANG_CXX_LIBRARY = "libc++";
				CLANG_WARN_EMPTY_BODY = YES;
				CLANG_WARN__DUPLICATE_METHOD_MATCH = YES;
				"CODE_SIGN_IDENTITY[sdk=iphoneos*]" = "iPhone Developer";
				COPY_PHASE_STRIP = NO;
				GCC_C_LANGUAGE_STANDARD = gnu99;
				GCC_DYNAMIC_NO_PIC = NO;
				GCC_OPTIMIZATION_LEVEL = 0;
				GCC_PREPROCESSOR_DEFINITIONS = (
					"DEBUG=1",
					"$(inherited)",
				);
				GCC_SYMBOLS_PRIVATE_EXTERN = NO;
				GCC_WARN_ABOUT_RETURN_TYPE = YES;
				GCC_WARN_UNINITIALIZED_AUTOS = YES;
				GCC_WARN_UNUSED_VARIABLE = YES;
				IPHONEOS_DEPLOYMENT_TARGET = 6.0;
				ONLY_ACTIVE_ARCH = YES;
				SDKROOT = iphoneos;
			};
			name = Debug;
		};
		D9515E1516B5A5CB00821DBF /* Release */ = {
			isa = XCBuildConfiguration;
			buildSettings = {
				ALWAYS_SEARCH_USER_PATHS = NO;
				CLANG_CXX_LANGUAGE_STANDARD = "gnu++0x";
				CLANG_CXX_LIBRARY = "libc++";
				CLANG_WARN_EMPTY_BODY = YES;
				CLANG_WARN__DUPLICATE_METHOD_MATCH = YES;
				"CODE_SIGN_IDENTITY[sdk=iphoneos*]" = "iPhone Developer";
				COPY_PHASE_STRIP = YES;
				GCC_C_LANGUAGE_STANDARD = gnu99;
				GCC_WARN_ABOUT_RETURN_TYPE = YES;
				GCC_WARN_UNINITIALIZED_AUTOS = YES;
				GCC_WARN_UNUSED_VARIABLE = YES;
				IPHONEOS_DEPLOYMENT_TARGET = 6.0;
				OTHER_CFLAGS = "-DNS_BLOCK_ASSERTIONS=1";
				SDKROOT = iphoneos;
				VALIDATE_PRODUCT = YES;
			};
			name = Release;
		};
		D9515E1716B5A5CB00821DBF /* Debug */ = {
			isa = XCBuildConfiguration;
			buildSettings = {
				GCC_PRECOMPILE_PREFIX_HEADER = YES;
				GCC_PREFIX_HEADER = "Todo/Todo-Prefix.pch";
				INFOPLIST_FILE = "Todo/Todo-Info.plist";
				PRODUCT_NAME = "$(TARGET_NAME)";
				WRAPPER_EXTENSION = app;
			};
			name = Debug;
		};
		D9515E1816B5A5CB00821DBF /* Release */ = {
			isa = XCBuildConfiguration;
			buildSettings = {
				GCC_PRECOMPILE_PREFIX_HEADER = YES;
				GCC_PREFIX_HEADER = "Todo/Todo-Prefix.pch";
				INFOPLIST_FILE = "Todo/Todo-Info.plist";
				PRODUCT_NAME = "$(TARGET_NAME)";
				WRAPPER_EXTENSION = app;
			};
			name = Release;
		};
/* End XCBuildConfiguration section */

/* Begin XCConfigurationList section */
		D9515DEC16B5A5CB00821DBF /* Build configuration list for PBXProject "Todo" */ = {
			isa = XCConfigurationList;
			buildConfigurations = (
				D9515E1416B5A5CB00821DBF /* Debug */,
				D9515E1516B5A5CB00821DBF /* Release */,
			);
			defaultConfigurationIsVisible = 0;
			defaultConfigurationName = Release;
		};
		D9515E1616B5A5CB00821DBF /* Build configuration list for PBXNativeTarget "Todo" */ = {
			isa = XCConfigurationList;
			buildConfigurations = (
				D9515E1716B5A5CB00821DBF /* Debug */,
				D9515E1816B5A5CB00821DBF /* Release */,
			);
			defaultConfigurationIsVisible = 0;
			defaultConfigurationName = Release;
		};
/* End XCConfigurationList section */

/* Begin XCVersionGroup section */
		D9B56E6716BD69D0009E26AC /* Todo.xcdatamodeld */ = {
			isa = XCVersionGroup;
			children = (
				D9B56E6816BD69D0009E26AC /* Todo.xcdatamodel */,
			);
			currentVersion = D9B56E6816BD69D0009E26AC /* Todo.xcdatamodel */;
			path = Todo.xcdatamodeld;
			sourceTree = "<group>";
			versionGroupType = wrapper.xcdatamodel;
		};
/* End XCVersionGroup section */
	};
	rootObject = D9515DE916B5A5CB00821DBF /* Project object */;
}
